
Microsoft Visual Studio Solution File, Format Version 12.00
# Visual Studio Version 16
VisualStudioVersion = 16.0.31729.503
MinimumVisualStudioVersion = 10.0.40219.1
Project("{FAE04EC0-301F-11D3-BF4B-00C04F79EFBC}") = "bifeldy-sd3-updater", "bifeldy-sd3-updater\bifeldy-sd3-updater.csproj", "{5D43D89D-4AFF-42DD-903C-45A46580BD50}"
EndProject
Global
	GlobalSection(SolutionConfigurationPlatforms) = preSolution
		Debug|Any CPU = Debug|Any CPU
		Release|Any CPU = Release|Any CPU
	EndGlobalSection
	GlobalSection(ProjectConfigurationPlatforms) = postSolution
		{5D43D89D-4AFF-42DD-903C-45A46580BD50}.Debug|Any CPU.ActiveCfg = Debug|Any CPU
		{5D43D89D-4AFF-42DD-903C-45A46580BD50}.Debug|Any CPU.Build.0 = Debug|Any CPU
		{5D43D89D-4AFF-42DD-903C-45A46580BD50}.Release|Any CPU.ActiveCfg = Release|Any CPU
		{5D43D89D-4AFF-42DD-903C-45A46580BD50}.Release|Any CPU.Build.0 = Release|Any CPU
	EndGlobalSection
	GlobalSection(SolutionProperties) = preSolution
		HideSolutionNode = FALSE
	EndGlobalSection
	GlobalSection(ExtensibilityGlobals) = postSolution
		SolutionGuid = {DD9A78DA-5D37-4ED5-9AFA-798665D1C5C3}
	EndGlobalSection
EndGlobal
